
Microsoft Visual Studio Solution File, Format Version 12.00
# Visual Studio Version 16
VisualStudioVersion = 16.0.28606.126
MinimumVisualStudioVersion = 10.0.40219.1
Project("{FAE04EC0-301F-11D3-BF4B-00C04F79EFBC}") = "ConventionalCommandLineParser", "ConventionalCommandLineParser\ConventionalCommandLineParser.csproj", "{48282D93-1C9D-428D-A7FE-23ACC1CCC047}"
EndProject
Global
	GlobalSection(SolutionConfigurationPlatforms) = preSolution
		Debug|Any CPU = Debug|Any CPU
		Release|Any CPU = Release|Any CPU
	EndGlobalSection
	GlobalSection(ProjectConfigurationPlatforms) = postSolution
		{48282D93-1C9D-428D-A7FE-23ACC1CCC047}.Debug|Any CPU.ActiveCfg = Debug|Any CPU
		{48282D93-1C9D-428D-A7FE-23ACC1CCC047}.Debug|Any CPU.Build.0 = Debug|Any CPU
		{48282D93-1C9D-428D-A7FE-23ACC1CCC047}.Release|Any CPU.ActiveCfg = Release|Any CPU
		{48282D93-1C9D-428D-A7FE-23ACC1CCC047}.Release|Any CPU.Build.0 = Release|Any CPU
	EndGlobalSection
	GlobalSection(SolutionProperties) = preSolution
		HideSolutionNode = FALSE
	EndGlobalSection
	GlobalSection(ExtensibilityGlobals) = postSolution
		SolutionGuid = {3218906E-BE10-4119-8D54-C6D360EAAEEB}
	EndGlobalSection
EndGlobal
